// !$*UTF8*$!
{
	archiveVersion = 1;
	classes = {
	};
	objectVersion = 46;
	objects = {

/* Begin PBXBuildFile section */
		27580B411B7D1EA400687A89 /* AppDelegate.swift in Sources */ = {isa = PBXBuildFile; fileRef = 27580B401B7D1EA400687A89 /* AppDelegate.swift */; };
		27580B431B7D1EA400687A89 /* ViewController.swift in Sources */ = {isa = PBXBuildFile; fileRef = 27580B421B7D1EA400687A89 /* ViewController.swift */; };
		27580B461B7D1EA400687A89 /* Main.storyboard in Resources */ = {isa = PBXBuildFile; fileRef = 27580B441B7D1EA400687A89 /* Main.storyboard */; };
		27580B481B7D1EA400687A89 /* Images.xcassets in Resources */ = {isa = PBXBuildFile; fileRef = 27580B471B7D1EA400687A89 /* Images.xcassets */; };
		27580B4B1B7D1EA400687A89 /* LaunchScreen.xib in Resources */ = {isa = PBXBuildFile; fileRef = 27580B491B7D1EA400687A89 /* LaunchScreen.xib */; };
		27580B571B7D1EA400687A89 /* ConnectTestTests.swift in Sources */ = {isa = PBXBuildFile; fileRef = 27580B561B7D1EA400687A89 /* ConnectTestTests.swift */; };
/* End PBXBuildFile section */

/* Begin PBXContainerItemProxy section */
		27580B511B7D1EA400687A89 /* PBXContainerItemProxy */ = {
			isa = PBXContainerItemProxy;
			containerPortal = 27580B331B7D1EA400687A89 /* Project object */;
			proxyType = 1;
			remoteGlobalIDString = 27580B3A1B7D1EA400687A89;
			remoteInfo = ConnectTest;
		};
/* End PBXContainerItemProxy section */

/* Begin PBXFileReference section */
		27580B3B1B7D1EA400687A89 /* ConnectTest.app */ = {isa = PBXFileReference; explicitFileType = wrapper.application; includeInIndex = 0; path = ConnectTest.app; sourceTree = BUILT_PRODUCTS_DIR; };
		27580B3F1B7D1EA400687A89 /* Info.plist */ = {isa = PBXFileReference; lastKnownFileType = text.plist.xml; path = Info.plist; sourceTree = "<group>"; };
		27580B401B7D1EA400687A89 /* AppDelegate.swift */ = {isa = PBXFileReference; lastKnownFileType = sourcecode.swift; path = AppDelegate.swift; sourceTree = "<group>"; };
		27580B421B7D1EA400687A89 /* ViewController.swift */ = {isa = PBXFileReference; lastKnownFileType = sourcecode.swift; path = ViewController.swift; sourceTree = "<group>"; };
		27580B451B7D1EA400687A89 /* Base */ = {isa = PBXFileReference; lastKnownFileType = file.storyboard; name = Base; path = Base.lproj/Main.storyboard; sourceTree = "<group>"; };
		27580B471B7D1EA400687A89 /* Images.xcassets */ = {isa = PBXFileReference; lastKnownFileType = folder.assetcatalog; path = Images.xcassets; sourceTree = "<group>"; };
		27580B4A1B7D1EA400687A89 /* Base */ = {isa = PBXFileReference; lastKnownFileType = file.xib; name = Base; path = Base.lproj/LaunchScreen.xib; sourceTree = "<group>"; };
		27580B501B7D1EA400687A89 /* ConnectTestTests.xctest */ = {isa = PBXFileReference; explicitFileType = wrapper.cfbundle; includeInIndex = 0; path = ConnectTestTests.xctest; sourceTree = BUILT_PRODUCTS_DIR; };
		27580B551B7D1EA400687A89 /* Info.plist */ = {isa = PBXFileReference; lastKnownFileType = text.plist.xml; path = Info.plist; sourceTree = "<group>"; };
		27580B561B7D1EA400687A89 /* ConnectTestTests.swift */ = {isa = PBXFileReference; lastKnownFileType = sourcecode.swift; path = ConnectTestTests.swift; sourceTree = "<group>"; };
/* End PBXFileReference section */

/* Begin PBXFrameworksBuildPhase section */
		27580B381B7D1EA400687A89 /* Frameworks */ = {
			isa = PBXFrameworksBuildPhase;
			buildActionMask = 2147483647;
			files = (
			);
			runOnlyForDeploymentPostprocessing = 0;
		};
		27580B4D1B7D1EA400687A89 /* Frameworks */ = {
			isa = PBXFrameworksBuildPhase;
			buildActionMask = 2147483647;
			files = (
			);
			runOnlyForDeploymentPostprocessing = 0;
		};
/* End PBXFrameworksBuildPhase section */

/* Begin PBXGroup section */
		27580B321B7D1EA400687A89 = {
			isa = PBXGroup;
			children = (
				27580B3D1B7D1EA400687A89 /* ConnectTest */,
				27580B531B7D1EA400687A89 /* ConnectTestTests */,
				27580B3C1B7D1EA400687A89 /* Products */,
			);
			sourceTree = "<group>";
		};
		27580B3C1B7D1EA400687A89 /* Products */ = {
			isa = PBXGroup;
			children = (
				27580B3B1B7D1EA400687A89 /* ConnectTest.app */,
				27580B501B7D1EA400687A89 /* ConnectTestTests.xctest */,
			);
			name = Products;
			sourceTree = "<group>";
		};
		27580B3D1B7D1EA400687A89 /* ConnectTest */ = {
			isa = PBXGroup;
			children = (
				27580B401B7D1EA400687A89 /* AppDelegate.swift */,
				27580B421B7D1EA400687A89 /* ViewController.swift */,
				27580B441B7D1EA400687A89 /* Main.storyboard */,
				27580B471B7D1EA400687A89 /* Images.xcassets */,
				27580B491B7D1EA400687A89 /* LaunchScreen.xib */,
				27580B3E1B7D1EA400687A89 /* Supporting Files */,
			);
			path = ConnectTest;
			sourceTree = "<group>";
		};
		27580B3E1B7D1EA400687A89 /* Supporting Files */ = {
			isa = PBXGroup;
			children = (
				27580B3F1B7D1EA400687A89 /* Info.plist */,
			);
			name = "Supporting Files";
			sourceTree = "<group>";
		};
		27580B531B7D1EA400687A89 /* ConnectTestTests */ = {
			isa = PBXGroup;
			children = (
				27580B561B7D1EA400687A89 /* ConnectTestTests.swift */,
				27580B541B7D1EA400687A89 /* Supporting Files */,
			);
			path = ConnectTestTests;
			sourceTree = "<group>";
		};
		27580B541B7D1EA400687A89 /* Supporting Files */ = {
			isa = PBXGroup;
			children = (
				27580B551B7D1EA400687A89 /* Info.plist */,
			);
			name = "Supporting Files";
			sourceTree = "<group>";
		};
/* End PBXGroup section */

/* Begin PBXNativeTarget section */
		27580B3A1B7D1EA400687A89 /* ConnectTest */ = {
			isa = PBXNativeTarget;
			buildConfigurationList = 27580B5A1B7D1EA400687A89 /* Build configuration list for PBXNativeTarget "ConnectTest" */;
			buildPhases = (
				27580B371B7D1EA400687A89 /* Sources */,
				27580B381B7D1EA400687A89 /* Frameworks */,
				27580B391B7D1EA400687A89 /* Resources */,
			);
			buildRules = (
			);
			dependencies = (
			);
			name = ConnectTest;
			productName = ConnectTest;
			productReference = 27580B3B1B7D1EA400687A89 /* ConnectTest.app */;
			productType = "com.apple.product-type.application";
		};
		27580B4F1B7D1EA400687A89 /* ConnectTestTests */ = {
			isa = PBXNativeTarget;
			buildConfigurationList = 27580B5D1B7D1EA400687A89 /* Build configuration list for PBXNativeTarget "ConnectTestTests" */;
			buildPhases = (
				27580B4C1B7D1EA400687A89 /* Sources */,
				27580B4D1B7D1EA400687A89 /* Frameworks */,
				27580B4E1B7D1EA400687A89 /* Resources */,
			);
			buildRules = (
			);
			dependencies = (
				27580B521B7D1EA400687A89 /* PBXTargetDependency */,
			);
			name = ConnectTestTests;
			productName = ConnectTestTests;
			productReference = 27580B501B7D1EA400687A89 /* ConnectTestTests.xctest */;
			productType = "com.apple.product-type.bundle.unit-test";
		};
/* End PBXNativeTarget section */

/* Begin PBXProject section */
		27580B331B7D1EA400687A89 /* Project object */ = {
			isa = PBXProject;
			attributes = {
				LastSwiftMigration = 0700;
				LastSwiftUpdateCheck = 0700;
				LastUpgradeCheck = 0700;
				ORGANIZATIONNAME = "Jacob Brooks";
				TargetAttributes = {
					27580B3A1B7D1EA400687A89 = {
						CreatedOnToolsVersion = 6.4;
						DevelopmentTeam = ES8T95R9QE;
					};
					27580B4F1B7D1EA400687A89 = {
						CreatedOnToolsVersion = 6.4;
						TestTargetID = 27580B3A1B7D1EA400687A89;
					};
				};
			};
			buildConfigurationList = 27580B361B7D1EA400687A89 /* Build configuration list for PBXProject "ConnectTest" */;
			compatibilityVersion = "Xcode 3.2";
			developmentRegion = English;
			hasScannedForEncodings = 0;
			knownRegions = (
				en,
				Base,
			);
			mainGroup = 27580B321B7D1EA400687A89;
			productRefGroup = 27580B3C1B7D1EA400687A89 /* Products */;
			projectDirPath = "";
			projectRoot = "";
			targets = (
				27580B3A1B7D1EA400687A89 /* ConnectTest */,
				27580B4F1B7D1EA400687A89 /* ConnectTestTests */,
			);
		};
/* End PBXProject section */

/* Begin PBXResourcesBuildPhase section */
		27580B391B7D1EA400687A89 /* Resources */ = {
			isa = PBXResourcesBuildPhase;
			buildActionMask = 2147483647;
			files = (
				27580B461B7D1EA400687A89 /* Main.storyboard in Resources */,
				27580B4B1B7D1EA400687A89 /* LaunchScreen.xib in Resources */,
				27580B481B7D1EA400687A89 /* Images.xcassets in Resources */,
			);
			runOnlyForDeploymentPostprocessing = 0;
		};
		27580B4E1B7D1EA400687A89 /* Resources */ = {
			isa = PBXResourcesBuildPhase;
			buildActionMask = 2147483647;
			files = (
			);
			runOnlyForDeploymentPostprocessing = 0;
		};
/* End PBXResourcesBuildPhase section */

/* Begin PBXSourcesBuildPhase section */
		27580B371B7D1EA400687A89 /* Sources */ = {
			isa = PBXSourcesBuildPhase;
			buildActionMask = 2147483647;
			files = (
				27580B431B7D1EA400687A89 /* ViewController.swift in Sources */,
				27580B411B7D1EA400687A89 /* AppDelegate.swift in Sources */,
			);
			runOnlyForDeploymentPostprocessing = 0;
		};
		27580B4C1B7D1EA400687A89 /* Sources */ = {
			isa = PBXSourcesBuildPhase;
			buildActionMask = 2147483647;
			files = (
				27580B571B7D1EA400687A89 /* ConnectTestTests.swift in Sources */,
			);
			runOnlyForDeploymentPostprocessing = 0;
		};
/* End PBXSourcesBuildPhase section */

/* Begin PBXTargetDependency section */
		27580B521B7D1EA400687A89 /* PBXTargetDependency */ = {
			isa = PBXTargetDependency;
			target = 27580B3A1B7D1EA400687A89 /* ConnectTest */;
			targetProxy = 27580B511B7D1EA400687A89 /* PBXContainerItemProxy */;
		};
/* End PBXTargetDependency section */

/* Begin PBXVariantGroup section */
		27580B441B7D1EA400687A89 /* Main.storyboard */ = {
			isa = PBXVariantGroup;
			children = (
				27580B451B7D1EA400687A89 /* Base */,
			);
			name = Main.storyboard;
			sourceTree = "<group>";
		};
		27580B491B7D1EA400687A89 /* LaunchScreen.xib */ = {
			isa = PBXVariantGroup;
			children = (
				27580B4A1B7D1EA400687A89 /* Base */,
			);
			name = LaunchScreen.xib;
			sourceTree = "<group>";
		};
/* End PBXVariantGroup section */

/* Begin XCBuildConfiguration section */
		27580B581B7D1EA400687A89 /* Debug */ = {
			isa = XCBuildConfiguration;
			buildSettings = {
				ALWAYS_SEARCH_USER_PATHS = NO;
				CLANG_CXX_LANGUAGE_STANDARD = "gnu++0x";
				CLANG_CXX_LIBRARY = "libc++";
				CLANG_ENABLE_MODULES = YES;
				CLANG_ENABLE_OBJC_ARC = YES;
				CLANG_WARN_BOOL_CONVERSION = YES;
				CLANG_WARN_CONSTANT_CONVERSION = YES;
				CLANG_WARN_DIRECT_OBJC_ISA_USAGE = YES_ERROR;
				CLANG_WARN_EMPTY_BODY = YES;
				CLANG_WARN_ENUM_CONVERSION = YES;
				CLANG_WARN_INT_CONVERSION = YES;
				CLANG_WARN_OBJC_ROOT_CLASS = YES_ERROR;
				CLANG_WARN_UNREACHABLE_CODE = YES;
				CLANG_WARN__DUPLICATE_METHOD_MATCH = YES;
				"CODE_SIGN_IDENTITY[sdk=iphoneos*]" = "iPhone Developer";
				COPY_PHASE_STRIP = NO;
				DEBUG_INFORMATION_FORMAT = "dwarf-with-dsym";
				ENABLE_STRICT_OBJC_MSGSEND = YES;
				ENABLE_TESTABILITY = YES;
				GCC_C_LANGUAGE_STANDARD = gnu99;
				GCC_DYNAMIC_NO_PIC = NO;
				GCC_NO_COMMON_BLOCKS = YES;
				GCC_OPTIMIZATION_LEVEL = 0;
				GCC_PREPROCESSOR_DEFINITIONS = (
					"DEBUG=1",
					"$(inherited)",
				);
				GCC_SYMBOLS_PRIVATE_EXTERN = NO;
				GCC_WARN_64_TO_32_BIT_CONVERSION = YES;
				GCC_WARN_ABOUT_RETURN_TYPE = YES_ERROR;
				GCC_WARN_UNDECLARED_SELECTOR = YES;
				GCC_WARN_UNINITIALIZED_AUTOS = YES_AGGRESSIVE;
				GCC_WARN_UNUSED_FUNCTION = YES;
				GCC_WARN_UNUSED_VARIABLE = YES;
				IPHONEOS_DEPLOYMENT_TARGET = 9.0;
				MTL_ENABLE_DEBUG_INFO = YES;
				ONLY_ACTIVE_ARCH = YES;
				SDKROOT = iphoneos;
				SWIFT_OPTIMIZATION_LEVEL = "-Onone";
			};
			name = Debug;
		};
		27580B591B7D1EA400687A89 /* Release */ = {
			isa = XCBuildConfiguration;
			buildSettings = {
				ALWAYS_SEARCH_USER_PATHS = NO;
				CLANG_CXX_LANGUAGE_STANDARD = "gnu++0x";
				CLANG_CXX_LIBRARY = "libc++";
				CLANG_ENABLE_MODULES = YES;
				CLANG_ENABLE_OBJC_ARC = YES;
				CLANG_WARN_BOOL_CONVERSION = YES;
				CLANG_WARN_CONSTANT_CONVERSION = YES;
				CLANG_WARN_DIRECT_OBJC_ISA_USAGE = YES_ERROR;
				CLANG_WARN_EMPTY_BODY = YES;
				CLANG_WARN_ENUM_CONVERSION = YES;
				CLANG_WARN_INT_CONVERSION = YES;
				CLANG_WARN_OBJC_ROOT_CLASS = YES_ERROR;
				CLANG_WARN_UNREACHABLE_CODE = YES;
				CLANG_WARN__DUPLICATE_METHOD_MATCH = YES;
				"CODE_SIGN_IDENTITY[sdk=iphoneos*]" = "iPhone Developer";
				COPY_PHASE_STRIP = NO;
				DEBUG_INFORMATION_FORMAT = "dwarf-with-dsym";
				ENABLE_NS_ASSERTIONS = NO;
				ENABLE_STRICT_OBJC_MSGSEND = YES;
				GCC_C_LANGUAGE_STANDARD = gnu99;
				GCC_NO_COMMON_BLOCKS = YES;
				GCC_WARN_64_TO_32_BIT_CONVERSION = YES;
				GCC_WARN_ABOUT_RETURN_TYPE = YES_ERROR;
				GCC_WARN_UNDECLARED_SELECTOR = YES;
				GCC_WARN_UNINITIALIZED_AUTOS = YES_AGGRESSIVE;
				GCC_WARN_UNUSED_FUNCTION = YES;
				GCC_WARN_UNUSED_VARIABLE = YES;
				IPHONEOS_DEPLOYMENT_TARGET = 9.0;
				MTL_ENABLE_DEBUG_INFO = NO;
				SDKROOT = iphoneos;
				VALIDATE_PRODUCT = YES;
			};
			name = Release;
		};
		27580B5B1B7D1EA400687A89 /* Debug */ = {
			isa = XCBuildConfiguration;
			buildSettings = {
				ASSETCATALOG_COMPILER_APPICON_NAME = AppIcon;
				CODE_SIGN_IDENTITY = "iPhone Developer";
				"CODE_SIGN_IDENTITY[sdk=iphoneos*]" = "iPhone Developer";
				INFOPLIST_FILE = ConnectTest/Info.plist;
				IPHONEOS_DEPLOYMENT_TARGET = 8.1;
				LD_RUNPATH_SEARCH_PATHS = "$(inherited) @executable_path/Frameworks";
				PRODUCT_BUNDLE_IDENTIFIER = "com.brooksinc.$(PRODUCT_NAME:rfc1034identifier)";
				PRODUCT_NAME = "$(TARGET_NAME)";
				PROVISIONING_PROFILE = "";
			};
			name = Debug;
		};
		27580B5C1B7D1EA400687A89 /* Release */ = {
			isa = XCBuildConfiguration;
			buildSettings = {
				ASSETCATALOG_COMPILER_APPICON_NAME = AppIcon;
				CODE_SIGN_IDENTITY = "iPhone Developer";
				"CODE_SIGN_IDENTITY[sdk=iphoneos*]" = "iPhone Developer";
				INFOPLIST_FILE = ConnectTest/Info.plist;
				IPHONEOS_DEPLOYMENT_TARGET = 8.1;
				LD_RUNPATH_SEARCH_PATHS = "$(inherited) @executable_path/Frameworks";
				PRODUCT_BUNDLE_IDENTIFIER = "com.brooksinc.$(PRODUCT_NAME:rfc1034identifier)";
				PRODUCT_NAME = "$(TARGET_NAME)";
				PROVISIONING_PROFILE = "";
			};
			name = Release;
		};
		27580B5E1B7D1EA400687A89 /* Debug */ = {
			isa = XCBuildConfiguration;
			buildSettings = {
				BUNDLE_LOADER = "$(TEST_HOST)";
				FRAMEWORK_SEARCH_PATHS = (
					"$(SDKROOT)/Developer/Library/Frameworks",
					"$(inherited)",
				);
				GCC_PREPROCESSOR_DEFINITIONS = (
					"DEBUG=1",
					"$(inherited)",
				);
				INFOPLIST_FILE = ConnectTestTests/Info.plist;
				LD_RUNPATH_SEARCH_PATHS = "$(inherited) @executable_path/Frameworks @loader_path/Frameworks";
				PRODUCT_BUNDLE_IDENTIFIER = "com.brooksinc.$(PRODUCT_NAME:rfc1034identifier)";
				PRODUCT_NAME = "$(TARGET_NAME)";
				TEST_HOST = "$(BUILT_PRODUCTS_DIR)/ConnectTest.app/ConnectTest";
			};
			name = Debug;
		};
		27580B5F1B7D1EA400687A89 /* Release */ = {
			isa = XCBuildConfiguration;
			buildSettings = {
				BUNDLE_LOADER = "$(TEST_HOST)";
				FRAMEWORK_SEARCH_PATHS = (
					"$(SDKROOT)/Developer/Library/Frameworks",
					"$(inherited)",
				);
				INFOPLIST_FILE = ConnectTestTests/Info.plist;
				LD_RUNPATH_SEARCH_PATHS = "$(inherited) @executable_path/Frameworks @loader_path/Frameworks";
				PRODUCT_BUNDLE_IDENTIFIER = "com.brooksinc.$(PRODUCT_NAME:rfc1034identifier)";
				PRODUCT_NAME = "$(TARGET_NAME)";
				TEST_HOST = "$(BUILT_PRODUCTS_DIR)/ConnectTest.app/ConnectTest";
			};
			name = Release;
		};
/* End XCBuildConfiguration section */

/* Begin XCConfigurationList section */
		27580B361B7D1EA400687A89 /* Build configuration list for PBXProject "ConnectTest" */ = {
			isa = XCConfigurationList;
			buildConfigurations = (
				27580B581B7D1EA400687A89 /* Debug */,
				27580B591B7D1EA400687A89 /* Release */,
			);
			defaultConfigurationIsVisible = 0;
			defaultConfigurationName = Release;
		};
		27580B5A1B7D1EA400687A89 /* Build configuration list for PBXNativeTarget "ConnectTest" */ = {
			isa = XCConfigurationList;
			buildConfigurations = (
				27580B5B1B7D1EA400687A89 /* Debug */,
				27580B5C1B7D1EA400687A89 /* Release */,
			);
			defaultConfigurationIsVisible = 0;
			defaultConfigurationName = Release;
		};
		27580B5D1B7D1EA400687A89 /* Build configuration list for PBXNativeTarget "ConnectTestTests" */ = {
			isa = XCConfigurationList;
			buildConfigurations = (
				27580B5E1B7D1EA400687A89 /* Debug */,
				27580B5F1B7D1EA400687A89 /* Release */,
			);
			defaultConfigurationIsVisible = 0;
			defaultConfigurationName = Release;
		};
/* End XCConfigurationList section */
	};
	rootObject = 27580B331B7D1EA400687A89 /* Project object */;
}
